
Microsoft Visual Studio Solution File, Format Version 12.00
# Visual Studio 15
VisualStudioVersion = 15.0.28307.168
MinimumVisualStudioVersion = 10.0.40219.1
Project("{FAE04EC0-301F-11D3-BF4B-00C04F79EFBC}") = "MongoSharpLib", "MongoSharpLib\MongoSharpLib.csproj", "{F552A8F8-1778-4419-8CC7-DC8C37329708}"
EndProject
Project("{FAE04EC0-301F-11D3-BF4B-00C04F79EFBC}") = "MongoSharpLibTests", "MongoSharpLibTests\MongoSharpLibTests.csproj", "{D8365069-0044-49C7-BF00-DFF4096B3456}"
EndProject
Global
	GlobalSection(SolutionConfigurationPlatforms) = preSolution
		Debug|Any CPU = Debug|Any CPU
		Release|Any CPU = Release|Any CPU
	EndGlobalSection
	GlobalSection(ProjectConfigurationPlatforms) = postSolution
		{F552A8F8-1778-4419-8CC7-DC8C37329708}.Debug|Any CPU.ActiveCfg = Debug|Any CPU
		{F552A8F8-1778-4419-8CC7-DC8C37329708}.Debug|Any CPU.Build.0 = Debug|Any CPU
		{F552A8F8-1778-4419-8CC7-DC8C37329708}.Release|Any CPU.ActiveCfg = Release|Any CPU
		{F552A8F8-1778-4419-8CC7-DC8C37329708}.Release|Any CPU.Build.0 = Release|Any CPU
		{D8365069-0044-49C7-BF00-DFF4096B3456}.Debug|Any CPU.ActiveCfg = Debug|Any CPU
		{D8365069-0044-49C7-BF00-DFF4096B3456}.Debug|Any CPU.Build.0 = Debug|Any CPU
		{D8365069-0044-49C7-BF00-DFF4096B3456}.Release|Any CPU.ActiveCfg = Release|Any CPU
		{D8365069-0044-49C7-BF00-DFF4096B3456}.Release|Any CPU.Build.0 = Release|Any CPU
	EndGlobalSection
	GlobalSection(SolutionProperties) = preSolution
		HideSolutionNode = FALSE
	EndGlobalSection
	GlobalSection(ExtensibilityGlobals) = postSolution
		SolutionGuid = {DBE3EB4B-F074-4782-B225-DA4A1BC458AA}
	EndGlobalSection
EndGlobal
